
Microsoft Visual Studio Solution File, Format Version 12.00
# Visual Studio 15
VisualStudioVersion = 15.0.28010.2016
MinimumVisualStudioVersion = 10.0.40219.1
Project("{FAE04EC0-301F-11D3-BF4B-00C04F79EFBC}") = "WebAPI", "WebAPI\WebAPI.csproj", "{57D9F43C-546E-40EC-9FD4-9C9648FC880B}"
EndProject
Global
	GlobalSection(SolutionConfigurationPlatforms) = preSolution
		Debug|Any CPU = Debug|Any CPU
		Release|Any CPU = Release|Any CPU
	EndGlobalSection
	GlobalSection(ProjectConfigurationPlatforms) = postSolution
		{57D9F43C-546E-40EC-9FD4-9C9648FC880B}.Debug|Any CPU.ActiveCfg = Debug|Any CPU
		{57D9F43C-546E-40EC-9FD4-9C9648FC880B}.Debug|Any CPU.Build.0 = Debug|Any CPU
		{57D9F43C-546E-40EC-9FD4-9C9648FC880B}.Release|Any CPU.ActiveCfg = Release|Any CPU
		{57D9F43C-546E-40EC-9FD4-9C9648FC880B}.Release|Any CPU.Build.0 = Release|Any CPU
	EndGlobalSection
	GlobalSection(SolutionProperties) = preSolution
		HideSolutionNode = FALSE
	EndGlobalSection
	GlobalSection(ExtensibilityGlobals) = postSolution
		SolutionGuid = {64862091-B562-4593-9655-41B7903503AF}
	EndGlobalSection
EndGlobal
